
Microsoft Visual Studio Solution File, Format Version 12.00
# Visual Studio 15
VisualStudioVersion = 15.0.27703.2000
MinimumVisualStudioVersion = 10.0.40219.1
Project("{FAE04EC0-301F-11D3-BF4B-00C04F79EFBC}") = "Konsolapp", "LinqPusselLösare\Konsolapp.csproj", "{9263BDF7-288B-4D90-8FBD-6FB9B97C3B84}"
EndProject
Project("{FAE04EC0-301F-11D3-BF4B-00C04F79EFBC}") = "Sudoku", "Sudoku\Sudoku.csproj", "{0861366C-A843-4B91-9EAF-92FD8DE78DD4}"
EndProject
Project("{FAE04EC0-301F-11D3-BF4B-00C04F79EFBC}") = "PusselTestare", "PusselTestare\PusselTestare.csproj", "{52D621B9-1D6E-4D5C-8FD4-2FC5F1D755C6}"
EndProject
Global
	GlobalSection(SolutionConfigurationPlatforms) = preSolution
		Debug|Any CPU = Debug|Any CPU
		Release|Any CPU = Release|Any CPU
	EndGlobalSection
	GlobalSection(ProjectConfigurationPlatforms) = postSolution
		{9263BDF7-288B-4D90-8FBD-6FB9B97C3B84}.Debug|Any CPU.ActiveCfg = Debug|Any CPU
		{9263BDF7-288B-4D90-8FBD-6FB9B97C3B84}.Debug|Any CPU.Build.0 = Debug|Any CPU
		{9263BDF7-288B-4D90-8FBD-6FB9B97C3B84}.Release|Any CPU.ActiveCfg = Release|Any CPU
		{9263BDF7-288B-4D90-8FBD-6FB9B97C3B84}.Release|Any CPU.Build.0 = Release|Any CPU
		{0861366C-A843-4B91-9EAF-92FD8DE78DD4}.Debug|Any CPU.ActiveCfg = Debug|Any CPU
		{0861366C-A843-4B91-9EAF-92FD8DE78DD4}.Debug|Any CPU.Build.0 = Debug|Any CPU
		{0861366C-A843-4B91-9EAF-92FD8DE78DD4}.Release|Any CPU.ActiveCfg = Release|Any CPU
		{0861366C-A843-4B91-9EAF-92FD8DE78DD4}.Release|Any CPU.Build.0 = Release|Any CPU
		{52D621B9-1D6E-4D5C-8FD4-2FC5F1D755C6}.Debug|Any CPU.ActiveCfg = Debug|Any CPU
		{52D621B9-1D6E-4D5C-8FD4-2FC5F1D755C6}.Debug|Any CPU.Build.0 = Debug|Any CPU
		{52D621B9-1D6E-4D5C-8FD4-2FC5F1D755C6}.Release|Any CPU.ActiveCfg = Release|Any CPU
		{52D621B9-1D6E-4D5C-8FD4-2FC5F1D755C6}.Release|Any CPU.Build.0 = Release|Any CPU
	EndGlobalSection
	GlobalSection(SolutionProperties) = preSolution
		HideSolutionNode = FALSE
	EndGlobalSection
	GlobalSection(ExtensibilityGlobals) = postSolution
		SolutionGuid = {9CDE5B47-FF2B-4D13-8F64-D86F6CEA92A3}
	EndGlobalSection
EndGlobal
